
Microsoft Visual Studio Solution File, Format Version 12.00
# Visual Studio Version 16
VisualStudioVersion = 16.0.30804.86
MinimumVisualStudioVersion = 10.0.40219.1
Project("{FAE04EC0-301F-11D3-BF4B-00C04F79EFBC}") = "Daily_Checklist_Pop-up", "Daily_Checklist_Pop-up.csproj", "{4E90531E-E2E9-4A86-BC48-375798931ABD}"
EndProject
Global
	GlobalSection(SolutionConfigurationPlatforms) = preSolution
		Debug|Any CPU = Debug|Any CPU
		Release|Any CPU = Release|Any CPU
	EndGlobalSection
	GlobalSection(ProjectConfigurationPlatforms) = postSolution
		{4E90531E-E2E9-4A86-BC48-375798931ABD}.Debug|Any CPU.ActiveCfg = Debug|Any CPU
		{4E90531E-E2E9-4A86-BC48-375798931ABD}.Debug|Any CPU.Build.0 = Debug|Any CPU
		{4E90531E-E2E9-4A86-BC48-375798931ABD}.Release|Any CPU.ActiveCfg = Release|Any CPU
		{4E90531E-E2E9-4A86-BC48-375798931ABD}.Release|Any CPU.Build.0 = Release|Any CPU
	EndGlobalSection
	GlobalSection(SolutionProperties) = preSolution
		HideSolutionNode = FALSE
	EndGlobalSection
	GlobalSection(ExtensibilityGlobals) = postSolution
		SolutionGuid = {FD01C246-EBA4-43DB-9E01-3282A3C839FD}
	EndGlobalSection
EndGlobal
